// !$*UTF8*$!
{
	archiveVersion = 1;
	classes = {
	};
	objectVersion = 77;
	objects = {

/* Begin PBXBuildFile section */
		2F8DCC3B2E4557830047D90F /* README.md in Resources */ = {isa = PBXBuildFile; fileRef = 2F8DCC3A2E4557830047D90F /* README.md */; };
		2FA74ED92E41884700575EFD /* CLAUDE.md in Resources */ = {isa = PBXBuildFile; fileRef = 2FA74ED82E41884700575EFD /* CLAUDE.md */; };
		2FF7CDAA2E42BB89005AA02A /* Unit Tests Only.xctestplan in Resources */ = {isa = PBXBuildFile; fileRef = 2FF7CDA92E42BB89005AA02A /* Unit Tests Only.xctestplan */; };
/* End PBXBuildFile section */

/* Begin PBXContainerItemProxy section */
		2FA74E052E41833000575EFD /* PBXContainerItemProxy */ = {
			isa = PBXContainerItemProxy;
			containerPortal = 2FA74DEF2E41832E00575EFD /* Project object */;
			proxyType = 1;
			remoteGlobalIDString = 2FA74DF62E41832E00575EFD;
			remoteInfo = TrackNerd;
		};
		2FA74E0F2E41833000575EFD /* PBXContainerItemProxy */ = {
			isa = PBXContainerItemProxy;
			containerPortal = 2FA74DEF2E41832E00575EFD /* Project object */;
			proxyType = 1;
			remoteGlobalIDString = 2FA74DF62E41832E00575EFD;
			remoteInfo = TrackNerd;
		};
/* End PBXContainerItemProxy section */

/* Begin PBXFileReference section */
		2F8DCC3A2E4557830047D90F /* README.md */ = {isa = PBXFileReference; lastKnownFileType = net.daringfireball.markdown; path = README.md; sourceTree = "<group>"; };
		2FA74DF72E41832E00575EFD /* TrackNerd.app */ = {isa = PBXFileReference; explicitFileType = wrapper.application; includeInIndex = 0; path = TrackNerd.app; sourceTree = BUILT_PRODUCTS_DIR; };
		2FA74E042E41833000575EFD /* TrackNerdTests.xctest */ = {isa = PBXFileReference; explicitFileType = wrapper.cfbundle; includeInIndex = 0; path = TrackNerdTests.xctest; sourceTree = BUILT_PRODUCTS_DIR; };
		2FA74E0E2E41833000575EFD /* TrackNerdUITests.xctest */ = {isa = PBXFileReference; explicitFileType = wrapper.cfbundle; includeInIndex = 0; path = TrackNerdUITests.xctest; sourceTree = BUILT_PRODUCTS_DIR; };
		2FA74E972E41850100575EFD /* TrackNerdMVP.md */ = {isa = PBXFileReference; lastKnownFileType = net.daringfireball.markdown; path = TrackNerdMVP.md; sourceTree = "<group>"; };
		2FA74ED82E41884700575EFD /* CLAUDE.md */ = {isa = PBXFileReference; lastKnownFileType = net.daringfireball.markdown; path = CLAUDE.md; sourceTree = "<group>"; };
		2FF7CDA92E42BB89005AA02A /* Unit Tests Only.xctestplan */ = {isa = PBXFileReference; lastKnownFileType = text; path = "Unit Tests Only.xctestplan"; sourceTree = "<group>"; };
/* End PBXFileReference section */

/* Begin PBXFileSystemSynchronizedBuildFileExceptionSet section */
		2FF7CD9E2E42AA69005AA02A /* Exceptions for "TrackNerd" folder in "TrackNerd" target */ = {
			isa = PBXFileSystemSynchronizedBuildFileExceptionSet;
			membershipExceptions = (
				Info.plist,
			);
			target = 2FA74DF62E41832E00575EFD /* TrackNerd */;
		};
/* End PBXFileSystemSynchronizedBuildFileExceptionSet section */

/* Begin PBXFileSystemSynchronizedRootGroup section */
		2FA74DF92E41832E00575EFD /* TrackNerd */ = {
			isa = PBXFileSystemSynchronizedRootGroup;
			exceptions = (
				2FF7CD9E2E42AA69005AA02A /* Exceptions for "TrackNerd" folder in "TrackNerd" target */,
			);
			path = TrackNerd;
			sourceTree = "<group>";
		};
		2FA74E072E41833000575EFD /* TrackNerdTests */ = {
			isa = PBXFileSystemSynchronizedRootGroup;
			path = TrackNerdTests;
			sourceTree = "<group>";
		};
		2FA74E112E41833000575EFD /* TrackNerdUITests */ = {
			isa = PBXFileSystemSynchronizedRootGroup;
			path = TrackNerdUITests;
			sourceTree = "<group>";
		};
/* End PBXFileSystemSynchronizedRootGroup section */

/* Begin PBXFrameworksBuildPhase section */
		2FA74DF42E41832E00575EFD /* Frameworks */ = {
			isa = PBXFrameworksBuildPhase;
			buildActionMask = 2147483647;
			files = (
			);
			runOnlyForDeploymentPostprocessing = 0;
		};
		2FA74E012E41833000575EFD /* Frameworks */ = {
			isa = PBXFrameworksBuildPhase;
			buildActionMask = 2147483647;
			files = (
			);
			runOnlyForDeploymentPostprocessing = 0;
		};
		2FA74E0B2E41833000575EFD /* Frameworks */ = {
			isa = PBXFrameworksBuildPhase;
			buildActionMask = 2147483647;
			files = (
			);
			runOnlyForDeploymentPostprocessing = 0;
		};
/* End PBXFrameworksBuildPhase section */

/* Begin PBXGroup section */
		2FA74DEE2E41832E00575EFD = {
			isa = PBXGroup;
			children = (
				2F8DCC3A2E4557830047D90F /* README.md */,
				2FF7CDA92E42BB89005AA02A /* Unit Tests Only.xctestplan */,
				2FA74ED82E41884700575EFD /* CLAUDE.md */,
				2FA74E962E4184F600575EFD /* plans */,
				2FA74DF92E41832E00575EFD /* TrackNerd */,
				2FA74E072E41833000575EFD /* TrackNerdTests */,
				2FA74E112E41833000575EFD /* TrackNerdUITests */,
				2FA74DF82E41832E00575EFD /* Products */,
			);
			sourceTree = "<group>";
		};
		2FA74DF82E41832E00575EFD /* Products */ = {
			isa = PBXGroup;
			children = (
				2FA74DF72E41832E00575EFD /* TrackNerd.app */,
				2FA74E042E41833000575EFD /* TrackNerdTests.xctest */,
				2FA74E0E2E41833000575EFD /* TrackNerdUITests.xctest */,
			);
			name = Products;
			sourceTree = "<group>";
		};
		2FA74E962E4184F600575EFD /* plans */ = {
			isa = PBXGroup;
			children = (
				2FA74E972E41850100575EFD /* TrackNerdMVP.md */,
			);
			path = plans;
			sourceTree = "<group>";
		};
/* End PBXGroup section */

/* Begin PBXNativeTarget section */
		2FA74DF62E41832E00575EFD /* TrackNerd */ = {
			isa = PBXNativeTarget;
			buildConfigurationList = 2FA74E182E41833000575EFD /* Build configuration list for PBXNativeTarget "TrackNerd" */;
			buildPhases = (
				2FA74DF32E41832E00575EFD /* Sources */,
				2FA74DF42E41832E00575EFD /* Frameworks */,
				2FA74DF52E41832E00575EFD /* Resources */,
			);
			buildRules = (
			);
			dependencies = (
			);
			fileSystemSynchronizedGroups = (
				2FA74DF92E41832E00575EFD /* TrackNerd */,
			);
			name = TrackNerd;
			packageProductDependencies = (
			);
			productName = TrackNerd;
			productReference = 2FA74DF72E41832E00575EFD /* TrackNerd.app */;
			productType = "com.apple.product-type.application";
		};
		2FA74E032E41833000575EFD /* TrackNerdTests */ = {
			isa = PBXNativeTarget;
			buildConfigurationList = 2FA74E1B2E41833000575EFD /* Build configuration list for PBXNativeTarget "TrackNerdTests" */;
			buildPhases = (
				2FA74E002E41833000575EFD /* Sources */,
				2FA74E012E41833000575EFD /* Frameworks */,
				2FA74E022E41833000575EFD /* Resources */,
			);
			buildRules = (
			);
			dependencies = (
				2FA74E062E41833000575EFD /* PBXTargetDependency */,
			);
			fileSystemSynchronizedGroups = (
				2FA74E072E41833000575EFD /* TrackNerdTests */,
			);
			name = TrackNerdTests;
			packageProductDependencies = (
			);
			productName = TrackNerdTests;
			productReference = 2FA74E042E41833000575EFD /* TrackNerdTests.xctest */;
			productType = "com.apple.product-type.bundle.unit-test";
		};
		2FA74E0D2E41833000575EFD /* TrackNerdUITests */ = {
			isa = PBXNativeTarget;
			buildConfigurationList = 2FA74E1E2E41833000575EFD /* Build configuration list for PBXNativeTarget "TrackNerdUITests" */;
			buildPhases = (
				2FA74E0A2E41833000575EFD /* Sources */,
				2FA74E0B2E41833000575EFD /* Frameworks */,
				2FA74E0C2E41833000575EFD /* Resources */,
			);
			buildRules = (
			);
			dependencies = (
				2FA74E102E41833000575EFD /* PBXTargetDependency */,
			);
			fileSystemSynchronizedGroups = (
				2FA74E112E41833000575EFD /* TrackNerdUITests */,
			);
			name = TrackNerdUITests;
			packageProductDependencies = (
			);
			productName = TrackNerdUITests;
			productReference = 2FA74E0E2E41833000575EFD /* TrackNerdUITests.xctest */;
			productType = "com.apple.product-type.bundle.ui-testing";
		};
/* End PBXNativeTarget section */

/* Begin PBXProject section */
		2FA74DEF2E41832E00575EFD /* Project object */ = {
			isa = PBXProject;
			attributes = {
				BuildIndependentTargetsInParallel = 1;
				LastSwiftUpdateCheck = 1640;
				LastUpgradeCheck = 1640;
				TargetAttributes = {
					2FA74DF62E41832E00575EFD = {
						CreatedOnToolsVersion = 16.4;
					};
					2FA74E032E41833000575EFD = {
						CreatedOnToolsVersion = 16.4;
						TestTargetID = 2FA74DF62E41832E00575EFD;
					};
					2FA74E0D2E41833000575EFD = {
						CreatedOnToolsVersion = 16.4;
						TestTargetID = 2FA74DF62E41832E00575EFD;
					};
				};
			};
			buildConfigurationList = 2FA74DF22E41832E00575EFD /* Build configuration list for PBXProject "TrackNerd" */;
			developmentRegion = en;
			hasScannedForEncodings = 0;
			knownRegions = (
				en,
				Base,
			);
			mainGroup = 2FA74DEE2E41832E00575EFD;
			minimizedProjectReferenceProxies = 1;
			preferredProjectObjectVersion = 77;
			productRefGroup = 2FA74DF82E41832E00575EFD /* Products */;
			projectDirPath = "";
			projectRoot = "";
			targets = (
				2FA74DF62E41832E00575EFD /* TrackNerd */,
				2FA74E032E41833000575EFD /* TrackNerdTests */,
				2FA74E0D2E41833000575EFD /* TrackNerdUITests */,
			);
		};
/* End PBXProject section */

/* Begin PBXResourcesBuildPhase section */
		2FA74DF52E41832E00575EFD /* Resources */ = {
			isa = PBXResourcesBuildPhase;
			buildActionMask = 2147483647;
			files = (
				2FF7CDAA2E42BB89005AA02A /* Unit Tests Only.xctestplan in Resources */,
				2F8DCC3B2E4557830047D90F /* README.md in Resources */,
				2FA74ED92E41884700575EFD /* CLAUDE.md in Resources */,
			);
			runOnlyForDeploymentPostprocessing = 0;
		};
		2FA74E022E41833000575EFD /* Resources */ = {
			isa = PBXResourcesBuildPhase;
			buildActionMask = 2147483647;
			files = (
			);
			runOnlyForDeploymentPostprocessing = 0;
		};
		2FA74E0C2E41833000575EFD /* Resources */ = {
			isa = PBXResourcesBuildPhase;
			buildActionMask = 2147483647;
			files = (
			);
			runOnlyForDeploymentPostprocessing = 0;
		};
/* End PBXResourcesBuildPhase section */

/* Begin PBXSourcesBuildPhase section */
		2FA74DF32E41832E00575EFD /* Sources */ = {
			isa = PBXSourcesBuildPhase;
			buildActionMask = 2147483647;
			files = (
			);
			runOnlyForDeploymentPostprocessing = 0;
		};
		2FA74E002E41833000575EFD /* Sources */ = {
			isa = PBXSourcesBuildPhase;
			buildActionMask = 2147483647;
			files = (
			);
			runOnlyForDeploymentPostprocessing = 0;
		};
		2FA74E0A2E41833000575EFD /* Sources */ = {
			isa = PBXSourcesBuildPhase;
			buildActionMask = 2147483647;
			files = (
			);
			runOnlyForDeploymentPostprocessing = 0;
		};
/* End PBXSourcesBuildPhase section */

/* Begin PBXTargetDependency section */
		2FA74E062E41833000575EFD /* PBXTargetDependency */ = {
			isa = PBXTargetDependency;
			target = 2FA74DF62E41832E00575EFD /* TrackNerd */;
			targetProxy = 2FA74E052E41833000575EFD /* PBXContainerItemProxy */;
		};
		2FA74E102E41833000575EFD /* PBXTargetDependency */ = {
			isa = PBXTargetDependency;
			target = 2FA74DF62E41832E00575EFD /* TrackNerd */;
			targetProxy = 2FA74E0F2E41833000575EFD /* PBXContainerItemProxy */;
		};
/* End PBXTargetDependency section */

/* Begin XCBuildConfiguration section */
		2FA74E162E41833000575EFD /* Debug */ = {
			isa = XCBuildConfiguration;
			buildSettings = {
				ALWAYS_SEARCH_USER_PATHS = NO;
				ASSETCATALOG_COMPILER_GENERATE_SWIFT_ASSET_SYMBOL_EXTENSIONS = YES;
				CLANG_ANALYZER_NONNULL = YES;
				CLANG_ANALYZER_NUMBER_OBJECT_CONVERSION = YES_AGGRESSIVE;
				CLANG_CXX_LANGUAGE_STANDARD = "gnu++20";
				CLANG_ENABLE_MODULES = YES;
				CLANG_ENABLE_OBJC_ARC = YES;
				CLANG_ENABLE_OBJC_WEAK = YES;
				CLANG_WARN_BLOCK_CAPTURE_AUTORELEASING = YES;
				CLANG_WARN_BOOL_CONVERSION = YES;
				CLANG_WARN_COMMA = YES;
				CLANG_WARN_CONSTANT_CONVERSION = YES;
				CLANG_WARN_DEPRECATED_OBJC_IMPLEMENTATIONS = YES;
				CLANG_WARN_DIRECT_OBJC_ISA_USAGE = YES_ERROR;
				CLANG_WARN_DOCUMENTATION_COMMENTS = YES;
				CLANG_WARN_EMPTY_BODY = YES;
				CLANG_WARN_ENUM_CONVERSION = YES;
				CLANG_WARN_INFINITE_RECURSION = YES;
				CLANG_WARN_INT_CONVERSION = YES;
				CLANG_WARN_NON_LITERAL_NULL_CONVERSION = YES;
				CLANG_WARN_OBJC_IMPLICIT_RETAIN_SELF = YES;
				CLANG_WARN_OBJC_LITERAL_CONVERSION = YES;
				CLANG_WARN_OBJC_ROOT_CLASS = YES_ERROR;
				CLANG_WARN_QUOTED_INCLUDE_IN_FRAMEWORK_HEADER = YES;
				CLANG_WARN_RANGE_LOOP_ANALYSIS = YES;
				CLANG_WARN_STRICT_PROTOTYPES = YES;
				CLANG_WARN_SUSPICIOUS_MOVE = YES;
				CLANG_WARN_UNGUARDED_AVAILABILITY = YES_AGGRESSIVE;
				CLANG_WARN_UNREACHABLE_CODE = YES;
				CLANG_WARN__DUPLICATE_METHOD_MATCH = YES;
				COPY_PHASE_STRIP = NO;
				DEBUG_INFORMATION_FORMAT = dwarf;
				DEVELOPMENT_TEAM = H74QAT4L98;
				ENABLE_STRICT_OBJC_MSGSEND = YES;
				ENABLE_TESTABILITY = YES;
				ENABLE_USER_SCRIPT_SANDBOXING = YES;
				GCC_C_LANGUAGE_STANDARD = gnu17;
				GCC_DYNAMIC_NO_PIC = NO;
				GCC_NO_COMMON_BLOCKS = YES;
				GCC_OPTIMIZATION_LEVEL = 0;
				GCC_PREPROCESSOR_DEFINITIONS = (
					"DEBUG=1",
					"$(inherited)",
				);
				GCC_WARN_64_TO_32_BIT_CONVERSION = YES;
				GCC_WARN_ABOUT_RETURN_TYPE = YES_ERROR;
				GCC_WARN_UNDECLARED_SELECTOR = YES;
				GCC_WARN_UNINITIALIZED_AUTOS = YES_AGGRESSIVE;
				GCC_WARN_UNUSED_FUNCTION = YES;
				GCC_WARN_UNUSED_VARIABLE = YES;
				IPHONEOS_DEPLOYMENT_TARGET = 18.5;
				LOCALIZATION_PREFERS_STRING_CATALOGS = YES;
				MTL_ENABLE_DEBUG_INFO = INCLUDE_SOURCE;
				MTL_FAST_MATH = YES;
				ONLY_ACTIVE_ARCH = YES;
				SDKROOT = iphoneos;
				SWIFT_ACTIVE_COMPILATION_CONDITIONS = "DEBUG $(inherited)";
				SWIFT_OPTIMIZATION_LEVEL = "-Onone";
			};
			name = Debug;
		};
		2FA74E172E41833000575EFD /* Release */ = {
			isa = XCBuildConfiguration;
			buildSettings = {
				ALWAYS_SEARCH_USER_PATHS = NO;
				ASSETCATALOG_COMPILER_GENERATE_SWIFT_ASSET_SYMBOL_EXTENSIONS = YES;
				CLANG_ANALYZER_NONNULL = YES;
				CLANG_ANALYZER_NUMBER_OBJECT_CONVERSION = YES_AGGRESSIVE;
				CLANG_CXX_LANGUAGE_STANDARD = "gnu++20";
				CLANG_ENABLE_MODULES = YES;
				CLANG_ENABLE_OBJC_ARC = YES;
				CLANG_ENABLE_OBJC_WEAK = YES;
				CLANG_WARN_BLOCK_CAPTURE_AUTORELEASING = YES;
				CLANG_WARN_BOOL_CONVERSION = YES;
				CLANG_WARN_COMMA = YES;
				CLANG_WARN_CONSTANT_CONVERSION = YES;
				CLANG_WARN_DEPRECATED_OBJC_IMPLEMENTATIONS = YES;
				CLANG_WARN_DIRECT_OBJC_ISA_USAGE = YES_ERROR;
				CLANG_WARN_DOCUMENTATION_COMMENTS = YES;
				CLANG_WARN_EMPTY_BODY = YES;
				CLANG_WARN_ENUM_CONVERSION = YES;
				CLANG_WARN_INFINITE_RECURSION = YES;
				CLANG_WARN_INT_CONVERSION = YES;
				CLANG_WARN_NON_LITERAL_NULL_CONVERSION = YES;
				CLANG_WARN_OBJC_IMPLICIT_RETAIN_SELF = YES;
				CLANG_WARN_OBJC_LITERAL_CONVERSION = YES;
				CLANG_WARN_OBJC_ROOT_CLASS = YES_ERROR;
				CLANG_WARN_QUOTED_INCLUDE_IN_FRAMEWORK_HEADER = YES;
				CLANG_WARN_RANGE_LOOP_ANALYSIS = YES;
				CLANG_WARN_STRICT_PROTOTYPES = YES;
				CLANG_WARN_SUSPICIOUS_MOVE = YES;
				CLANG_WARN_UNGUARDED_AVAILABILITY = YES_AGGRESSIVE;
				CLANG_WARN_UNREACHABLE_CODE = YES;
				CLANG_WARN__DUPLICATE_METHOD_MATCH = YES;
				COPY_PHASE_STRIP = NO;
				DEBUG_INFORMATION_FORMAT = "dwarf-with-dsym";
				DEVELOPMENT_TEAM = H74QAT4L98;
				ENABLE_NS_ASSERTIONS = NO;
				ENABLE_STRICT_OBJC_MSGSEND = YES;
				ENABLE_USER_SCRIPT_SANDBOXING = YES;
				GCC_C_LANGUAGE_STANDARD = gnu17;
				GCC_NO_COMMON_BLOCKS = YES;
				GCC_WARN_64_TO_32_BIT_CONVERSION = YES;
				GCC_WARN_ABOUT_RETURN_TYPE = YES_ERROR;
				GCC_WARN_UNDECLARED_SELECTOR = YES;
				GCC_WARN_UNINITIALIZED_AUTOS = YES_AGGRESSIVE;
				GCC_WARN_UNUSED_FUNCTION = YES;
				GCC_WARN_UNUSED_VARIABLE = YES;
				IPHONEOS_DEPLOYMENT_TARGET = 18.5;
				LOCALIZATION_PREFERS_STRING_CATALOGS = YES;
				MTL_ENABLE_DEBUG_INFO = NO;
				MTL_FAST_MATH = YES;
				SDKROOT = iphoneos;
				SWIFT_COMPILATION_MODE = wholemodule;
				VALIDATE_PRODUCT = YES;
			};
			name = Release;
		};
		2FA74E192E41833000575EFD /* Debug */ = {
			isa = XCBuildConfiguration;
			buildSettings = {
				ASSETCATALOG_COMPILER_APPICON_NAME = AppIcon;
				ASSETCATALOG_COMPILER_GLOBAL_ACCENT_COLOR_NAME = AccentColor;
				CODE_SIGN_STYLE = Automatic;
				CURRENT_PROJECT_VERSION = 1;
				DEVELOPMENT_TEAM = H74QAT4L98;
				ENABLE_PREVIEWS = YES;
				GENERATE_INFOPLIST_FILE = YES;
				INFOPLIST_FILE = TrackNerd/Info.plist;
				INFOPLIST_KEY_CFBundleDisplayName = "Music Nerd ID";
				INFOPLIST_KEY_LSApplicationCategoryType = "public.app-category.music";
				INFOPLIST_KEY_UIApplicationSceneManifest_Generation = YES;
				INFOPLIST_KEY_UIApplicationSupportsIndirectInputEvents = YES;
				INFOPLIST_KEY_UILaunchScreen_Generation = YES;
				INFOPLIST_KEY_UISupportedInterfaceOrientations_iPad = "UIInterfaceOrientationPortrait UIInterfaceOrientationPortraitUpsideDown UIInterfaceOrientationLandscapeLeft UIInterfaceOrientationLandscapeRight";
				INFOPLIST_KEY_UISupportedInterfaceOrientations_iPhone = "UIInterfaceOrientationPortrait UIInterfaceOrientationLandscapeLeft UIInterfaceOrientationLandscapeRight";
				IPHONEOS_DEPLOYMENT_TARGET = 18.2;
				LD_RUNPATH_SEARCH_PATHS = (
					"$(inherited)",
					"@executable_path/Frameworks",
				);
				MARKETING_VERSION = 1.0;
				PRODUCT_BUNDLE_IDENTIFIER = com.xdjs.TrackNerd;
				PRODUCT_NAME = "$(TARGET_NAME)";
				SWIFT_EMIT_LOC_STRINGS = YES;
				SWIFT_VERSION = 5.0;
				TARGETED_DEVICE_FAMILY = "1,2";
			};
			name = Debug;
		};
		2FA74E1A2E41833000575EFD /* Release */ = {
			isa = XCBuildConfiguration;
			buildSettings = {
				ASSETCATALOG_COMPILER_APPICON_NAME = AppIcon;
				ASSETCATALOG_COMPILER_GLOBAL_ACCENT_COLOR_NAME = AccentColor;
				CODE_SIGN_STYLE = Automatic;
				CURRENT_PROJECT_VERSION = 1;
				DEVELOPMENT_TEAM = H74QAT4L98;
				ENABLE_PREVIEWS = YES;
				GENERATE_INFOPLIST_FILE = YES;
				INFOPLIST_FILE = TrackNerd/Info.plist;
				INFOPLIST_KEY_CFBundleDisplayName = "Music Nerd ID";
				INFOPLIST_KEY_LSApplicationCategoryType = "public.app-category.music";
				INFOPLIST_KEY_UIApplicationSceneManifest_Generation = YES;
				INFOPLIST_KEY_UIApplicationSupportsIndirectInputEvents = YES;
				INFOPLIST_KEY_UILaunchScreen_Generation = YES;
				INFOPLIST_KEY_UISupportedInterfaceOrientations_iPad = "UIInterfaceOrientationPortrait UIInterfaceOrientationPortraitUpsideDown UIInterfaceOrientationLandscapeLeft UIInterfaceOrientationLandscapeRight";
				INFOPLIST_KEY_UISupportedInterfaceOrientations_iPhone = "UIInterfaceOrientationPortrait UIInterfaceOrientationLandscapeLeft UIInterfaceOrientationLandscapeRight";
				IPHONEOS_DEPLOYMENT_TARGET = 18.2;
				LD_RUNPATH_SEARCH_PATHS = (
					"$(inherited)",
					"@executable_path/Frameworks",
				);
				MARKETING_VERSION = 1.0;
				PRODUCT_BUNDLE_IDENTIFIER = com.xdjs.TrackNerd;
				PRODUCT_NAME = "$(TARGET_NAME)";
				SWIFT_EMIT_LOC_STRINGS = YES;
				SWIFT_VERSION = 5.0;
				TARGETED_DEVICE_FAMILY = "1,2";
			};
			name = Release;
		};
		2FA74E1C2E41833000575EFD /* Debug */ = {
			isa = XCBuildConfiguration;
			buildSettings = {
				BUNDLE_LOADER = "$(TEST_HOST)";
				CODE_SIGN_STYLE = Automatic;
				CURRENT_PROJECT_VERSION = 1;
				DEVELOPMENT_TEAM = H74QAT4L98;
				GENERATE_INFOPLIST_FILE = YES;
				IPHONEOS_DEPLOYMENT_TARGET = 18.2;
				MARKETING_VERSION = 1.0;
				PRODUCT_BUNDLE_IDENTIFIER = com.xdjs.TrackNerdTests;
				PRODUCT_NAME = "$(TARGET_NAME)";
				SWIFT_EMIT_LOC_STRINGS = NO;
				SWIFT_VERSION = 5.0;
				TARGETED_DEVICE_FAMILY = "1,2";
				TEST_HOST = "$(BUILT_PRODUCTS_DIR)/TrackNerd.app/$(BUNDLE_EXECUTABLE_FOLDER_PATH)/TrackNerd";
			};
			name = Debug;
		};
		2FA74E1D2E41833000575EFD /* Release */ = {
			isa = XCBuildConfiguration;
			buildSettings = {
				BUNDLE_LOADER = "$(TEST_HOST)";
				CODE_SIGN_STYLE = Automatic;
				CURRENT_PROJECT_VERSION = 1;
				DEVELOPMENT_TEAM = H74QAT4L98;
				GENERATE_INFOPLIST_FILE = YES;
				IPHONEOS_DEPLOYMENT_TARGET = 18.2;
				MARKETING_VERSION = 1.0;
				PRODUCT_BUNDLE_IDENTIFIER = com.xdjs.TrackNerdTests;
				PRODUCT_NAME = "$(TARGET_NAME)";
				SWIFT_EMIT_LOC_STRINGS = NO;
				SWIFT_VERSION = 5.0;
				TARGETED_DEVICE_FAMILY = "1,2";
				TEST_HOST = "$(BUILT_PRODUCTS_DIR)/TrackNerd.app/$(BUNDLE_EXECUTABLE_FOLDER_PATH)/TrackNerd";
			};
			name = Release;
		};
		2FA74E1F2E41833000575EFD /* Debug */ = {
			isa = XCBuildConfiguration;
			buildSettings = {
				CODE_SIGN_STYLE = Automatic;
				CURRENT_PROJECT_VERSION = 1;
				DEVELOPMENT_TEAM = H74QAT4L98;
				GENERATE_INFOPLIST_FILE = YES;
				IPHONEOS_DEPLOYMENT_TARGET = 18.2;
				MARKETING_VERSION = 1.0;
				PRODUCT_BUNDLE_IDENTIFIER = com.xdjs.TrackNerdUITests;
				PRODUCT_NAME = "$(TARGET_NAME)";
				SWIFT_EMIT_LOC_STRINGS = NO;
				SWIFT_VERSION = 5.0;
				TARGETED_DEVICE_FAMILY = "1,2";
				TEST_TARGET_NAME = TrackNerd;
			};
			name = Debug;
		};
		2FA74E202E41833000575EFD /* Release */ = {
			isa = XCBuildConfiguration;
			buildSettings = {
				CODE_SIGN_STYLE = Automatic;
				CURRENT_PROJECT_VERSION = 1;
				DEVELOPMENT_TEAM = H74QAT4L98;
				GENERATE_INFOPLIST_FILE = YES;
				IPHONEOS_DEPLOYMENT_TARGET = 18.2;
				MARKETING_VERSION = 1.0;
				PRODUCT_BUNDLE_IDENTIFIER = com.xdjs.TrackNerdUITests;
				PRODUCT_NAME = "$(TARGET_NAME)";
				SWIFT_EMIT_LOC_STRINGS = NO;
				SWIFT_VERSION = 5.0;
				TARGETED_DEVICE_FAMILY = "1,2";
				TEST_TARGET_NAME = TrackNerd;
			};
			name = Release;
		};
/* End XCBuildConfiguration section */

/* Begin XCConfigurationList section */
		2FA74DF22E41832E00575EFD /* Build configuration list for PBXProject "TrackNerd" */ = {
			isa = XCConfigurationList;
			buildConfigurations = (
				2FA74E162E41833000575EFD /* Debug */,
				2FA74E172E41833000575EFD /* Release */,
			);
			defaultConfigurationIsVisible = 0;
			defaultConfigurationName = Release;
		};
		2FA74E182E41833000575EFD /* Build configuration list for PBXNativeTarget "TrackNerd" */ = {
			isa = XCConfigurationList;
			buildConfigurations = (
				2FA74E192E41833000575EFD /* Debug */,
				2FA74E1A2E41833000575EFD /* Release */,
			);
			defaultConfigurationIsVisible = 0;
			defaultConfigurationName = Release;
		};
		2FA74E1B2E41833000575EFD /* Build configuration list for PBXNativeTarget "TrackNerdTests" */ = {
			isa = XCConfigurationList;
			buildConfigurations = (
				2FA74E1C2E41833000575EFD /* Debug */,
				2FA74E1D2E41833000575EFD /* Release */,
			);
			defaultConfigurationIsVisible = 0;
			defaultConfigurationName = Release;
		};
		2FA74E1E2E41833000575EFD /* Build configuration list for PBXNativeTarget "TrackNerdUITests" */ = {
			isa = XCConfigurationList;
			buildConfigurations = (
				2FA74E1F2E41833000575EFD /* Debug */,
				2FA74E202E41833000575EFD /* Release */,
			);
			defaultConfigurationIsVisible = 0;
			defaultConfigurationName = Release;
		};
/* End XCConfigurationList section */
	};
	rootObject = 2FA74DEF2E41832E00575EFD /* Project object */;
}
